// !$*UTF8*$!
{
	archiveVersion = 1;
	classes = {
	};
	objectVersion = 51;
	objects = {

/* Begin PBXBuildFile section */
		0F33319325AEEC43000C3652 /* CharacterTableViewCell.swift in Sources */ = {isa = PBXBuildFile; fileRef = 0F80A97D25A72687002E8316 /* CharacterTableViewCell.swift */; };
		0F33319725AEEFA7000C3652 /* CharacterDetailsCoordinator.swift in Sources */ = {isa = PBXBuildFile; fileRef = 0F33319625AEEFA7000C3652 /* CharacterDetailsCoordinator.swift */; };
		0F33319A25AEF022000C3652 /* CharacterDetailsModuleFactory.swift in Sources */ = {isa = PBXBuildFile; fileRef = 0F33319925AEF022000C3652 /* CharacterDetailsModuleFactory.swift */; };
		0F3331A325AF016D000C3652 /* CharacterDetailsViewController.swift in Sources */ = {isa = PBXBuildFile; fileRef = 0F3331A125AF016D000C3652 /* CharacterDetailsViewController.swift */; };
		0F3331A425AF016D000C3652 /* CharacterDetailsViewController.xib in Resources */ = {isa = PBXBuildFile; fileRef = 0F3331A225AF016D000C3652 /* CharacterDetailsViewController.xib */; };
		0F3331A725AF017A000C3652 /* CharacterDetailsStore.swift in Sources */ = {isa = PBXBuildFile; fileRef = 0F3331A625AF017A000C3652 /* CharacterDetailsStore.swift */; };
		0F3331AA25AF0187000C3652 /* CharacterDetailsViewModel.swift in Sources */ = {isa = PBXBuildFile; fileRef = 0F3331A925AF0187000C3652 /* CharacterDetailsViewModel.swift */; };
		0F33320325B012D1000C3652 /* InfiniteScrollableTableView.swift in Sources */ = {isa = PBXBuildFile; fileRef = 0F33320225B012D1000C3652 /* InfiniteScrollableTableView.swift */; };
		0F33321E25B07E6A000C3652 /* Environment.swift in Sources */ = {isa = PBXBuildFile; fileRef = 0F33321D25B07E6A000C3652 /* Environment.swift */; };
		0F33322E25B178A1000C3652 /* EpisodesViewController.swift in Sources */ = {isa = PBXBuildFile; fileRef = 0F33322C25B178A1000C3652 /* EpisodesViewController.swift */; };
		0F33322F25B178A1000C3652 /* EpisodesViewController.xib in Resources */ = {isa = PBXBuildFile; fileRef = 0F33322D25B178A1000C3652 /* EpisodesViewController.xib */; };
		0F33324325B180F0000C3652 /* CharactersProvider.swift in Sources */ = {isa = PBXBuildFile; fileRef = 0F33324225B180F0000C3652 /* CharactersProvider.swift */; };
		0F33327E25B1D335000C3652 /* AppTheme.swift in Sources */ = {isa = PBXBuildFile; fileRef = 0F33327D25B1D335000C3652 /* AppTheme.swift */; };
		0F33328225B1D4A9000C3652 /* String+Format.swift in Sources */ = {isa = PBXBuildFile; fileRef = 0F33328125B1D4A9000C3652 /* String+Format.swift */; };
		0F3332AF25B1DADB000C3652 /* UITableViewCell+SelectedBackgroundView.swift in Sources */ = {isa = PBXBuildFile; fileRef = 0F3332AE25B1DADB000C3652 /* UITableViewCell+SelectedBackgroundView.swift */; };
		0F547AE825A5833D001AD526 /* BaseNavigationController.swift in Sources */ = {isa = PBXBuildFile; fileRef = 0F547AE725A5833D001AD526 /* BaseNavigationController.swift */; };
		0F547AFC25A5B065001AD526 /* BaseAssembly.swift in Sources */ = {isa = PBXBuildFile; fileRef = 0F547AEB25A587A9001AD526 /* BaseAssembly.swift */; };
		0F547B0225A5CD90001AD526 /* CharactersViewController.xib in Resources */ = {isa = PBXBuildFile; fileRef = 0F547B0125A5CD90001AD526 /* CharactersViewController.xib */; };
		0F547B0825A5CEFF001AD526 /* CharactersTableViewDelegateImpl.swift in Sources */ = {isa = PBXBuildFile; fileRef = 0F547B0725A5CEFF001AD526 /* CharactersTableViewDelegateImpl.swift */; };
		0F547B0B25A5CF0F001AD526 /* CharactersTableViewDataSourceImpl.swift in Sources */ = {isa = PBXBuildFile; fileRef = 0F547B0A25A5CF0F001AD526 /* CharactersTableViewDataSourceImpl.swift */; };
		0F547B0F25A5CF3D001AD526 /* CharactersStore.swift in Sources */ = {isa = PBXBuildFile; fileRef = 0F547B0E25A5CF3D001AD526 /* CharactersStore.swift */; };
		0F547B1425A5D490001AD526 /* Observable.swift in Sources */ = {isa = PBXBuildFile; fileRef = 0F547B1325A5D490001AD526 /* Observable.swift */; };
		0F547B1825A5D507001AD526 /* Provider.swift in Sources */ = {isa = PBXBuildFile; fileRef = 0F547B1725A5D507001AD526 /* Provider.swift */; };
		0F547B1C25A5D5A2001AD526 /* Network.swift in Sources */ = {isa = PBXBuildFile; fileRef = 0F547B1B25A5D5A2001AD526 /* Network.swift */; };
		0F547B2025A5DCFB001AD526 /* TableView+Extention.swift in Sources */ = {isa = PBXBuildFile; fileRef = 0F547B1F25A5DCFB001AD526 /* TableView+Extention.swift */; };
		0F547B2425A5E746001AD526 /* CharacterViewModel.swift in Sources */ = {isa = PBXBuildFile; fileRef = 0F547B2325A5E746001AD526 /* CharacterViewModel.swift */; };
		0F80A98025A72687002E8316 /* CharacterTableViewCell.xib in Resources */ = {isa = PBXBuildFile; fileRef = 0F80A97E25A72687002E8316 /* CharacterTableViewCell.xib */; };
		0F80A98325A742EA002E8316 /* CharacterDataModel.swift in Sources */ = {isa = PBXBuildFile; fileRef = 0F80A98225A742EA002E8316 /* CharacterDataModel.swift */; };
		0F80A9F925A9B629002E8316 /* Storage.swift in Sources */ = {isa = PBXBuildFile; fileRef = 0F80A9F825A9B629002E8316 /* Storage.swift */; };
		0F80A9FC25A9B667002E8316 /* ServicesStorage.swift in Sources */ = {isa = PBXBuildFile; fileRef = 0F80A9FB25A9B667002E8316 /* ServicesStorage.swift */; };
		0F80AA7025AD7823002E8316 /* ProgressHudContainerView.swift in Sources */ = {isa = PBXBuildFile; fileRef = 0F80AA6F25AD7823002E8316 /* ProgressHudContainerView.swift */; };
		0F80AA7525AD785B002E8316 /* NibLoadable.swift in Sources */ = {isa = PBXBuildFile; fileRef = 0F80AA7425AD785B002E8316 /* NibLoadable.swift */; };
		0F80AA7825AD78DD002E8316 /* ProgressHudContainerView.xib in Resources */ = {isa = PBXBuildFile; fileRef = 0F80AA7725AD78DD002E8316 /* ProgressHudContainerView.xib */; };
		0F80AA7B25AD7B07002E8316 /* ProgressHud.swift in Sources */ = {isa = PBXBuildFile; fileRef = 0F80AA7A25AD7B07002E8316 /* ProgressHud.swift */; };
		0F80AAA125ADC068002E8316 /* TabbarController.swift in Sources */ = {isa = PBXBuildFile; fileRef = 0F80AAA025ADC068002E8316 /* TabbarController.swift */; };
		0F80AADA25ADD85E002E8316 /* CharactersCoordinatorFactory.swift in Sources */ = {isa = PBXBuildFile; fileRef = 0F80AAD925ADD85E002E8316 /* CharactersCoordinatorFactory.swift */; };
		0F80AADD25ADD86F002E8316 /* CharactersModuleFactory.swift in Sources */ = {isa = PBXBuildFile; fileRef = 0F80AADC25ADD86F002E8316 /* CharactersModuleFactory.swift */; };
		0F80AAED25AEC64C002E8316 /* CharactersCoordinator.swift in Sources */ = {isa = PBXBuildFile; fileRef = 0F80AAEC25AEC64C002E8316 /* CharactersCoordinator.swift */; };
		0F8E740425A485E800A43121 /* AppDelegate.swift in Sources */ = {isa = PBXBuildFile; fileRef = 0F8E740325A485E800A43121 /* AppDelegate.swift */; };
		0F8E740D25A485E800A43121 /* Assets.xcassets in Resources */ = {isa = PBXBuildFile; fileRef = 0F8E740C25A485E800A43121 /* Assets.xcassets */; };
		0F8E741025A485E800A43121 /* LaunchScreen-Rick-and-Morty.storyboard in Resources */ = {isa = PBXBuildFile; fileRef = 0F8E740E25A485E800A43121 /* LaunchScreen-Rick-and-Morty.storyboard */; };
		0F8E743C25A48A7200A43121 /* CompositeAppDelegateConfigurator.swift in Sources */ = {isa = PBXBuildFile; fileRef = 0F8E743B25A48A7200A43121 /* CompositeAppDelegateConfigurator.swift */; };
		0F8E743F25A49AB700A43121 /* StartupAppDelegateConfigurator.swift in Sources */ = {isa = PBXBuildFile; fileRef = 0F8E743E25A49AB700A43121 /* StartupAppDelegateConfigurator.swift */; };
		0F8E744225A49B0200A43121 /* Coordinator.swift in Sources */ = {isa = PBXBuildFile; fileRef = 0F8E744125A49B0200A43121 /* Coordinator.swift */; };
		0F8E744525A49B2800A43121 /* Router.swift in Sources */ = {isa = PBXBuildFile; fileRef = 0F8E744425A49B2800A43121 /* Router.swift */; };
		0F8E744925A49C9C00A43121 /* ApplicationCoordinator.swift in Sources */ = {isa = PBXBuildFile; fileRef = 0F8E744825A49C9C00A43121 /* ApplicationCoordinator.swift */; };
		0F8E744C25A49CD700A43121 /* CoordinatorFactory.swift in Sources */ = {isa = PBXBuildFile; fileRef = 0F8E744B25A49CD700A43121 /* CoordinatorFactory.swift */; };
		0F8E744F25A49D2300A43121 /* ModuleFactory.swift in Sources */ = {isa = PBXBuildFile; fileRef = 0F8E744E25A49D2300A43121 /* ModuleFactory.swift */; };
		0F8E745325A49D8200A43121 /* CharactersViewController.swift in Sources */ = {isa = PBXBuildFile; fileRef = 0F8E745225A49D8200A43121 /* CharactersViewController.swift */; };
		0F8E745625A49E3D00A43121 /* BaseViewController.swift in Sources */ = {isa = PBXBuildFile; fileRef = 0F8E745525A49E3D00A43121 /* BaseViewController.swift */; };
		EB7CAC001DF6EA72A21A0E99 /* Pods_Rick_and_Morty.framework in Frameworks */ = {isa = PBXBuildFile; fileRef = 79A48CAF7CD2B26E06DF5A0D /* Pods_Rick_and_Morty.framework */; };
/* End PBXBuildFile section */

/* Begin PBXFileReference section */
		0F33319625AEEFA7000C3652 /* CharacterDetailsCoordinator.swift */ = {isa = PBXFileReference; lastKnownFileType = sourcecode.swift; path = CharacterDetailsCoordinator.swift; sourceTree = "<group>"; };
		0F33319925AEF022000C3652 /* CharacterDetailsModuleFactory.swift */ = {isa = PBXFileReference; lastKnownFileType = sourcecode.swift; path = CharacterDetailsModuleFactory.swift; sourceTree = "<group>"; };
		0F3331A125AF016D000C3652 /* CharacterDetailsViewController.swift */ = {isa = PBXFileReference; lastKnownFileType = sourcecode.swift; path = CharacterDetailsViewController.swift; sourceTree = "<group>"; };
		0F3331A225AF016D000C3652 /* CharacterDetailsViewController.xib */ = {isa = PBXFileReference; lastKnownFileType = file.xib; path = CharacterDetailsViewController.xib; sourceTree = "<group>"; };
		0F3331A625AF017A000C3652 /* CharacterDetailsStore.swift */ = {isa = PBXFileReference; lastKnownFileType = sourcecode.swift; path = CharacterDetailsStore.swift; sourceTree = "<group>"; };
		0F3331A925AF0187000C3652 /* CharacterDetailsViewModel.swift */ = {isa = PBXFileReference; lastKnownFileType = sourcecode.swift; path = CharacterDetailsViewModel.swift; sourceTree = "<group>"; };
		0F33320225B012D1000C3652 /* InfiniteScrollableTableView.swift */ = {isa = PBXFileReference; lastKnownFileType = sourcecode.swift; path = InfiniteScrollableTableView.swift; sourceTree = "<group>"; };
		0F33321225B07587000C3652 /* Rick-and-Morty(development).xcconfig */ = {isa = PBXFileReference; lastKnownFileType = text.xcconfig; path = "Rick-and-Morty(development).xcconfig"; sourceTree = "<group>"; };
		0F33321D25B07E6A000C3652 /* Environment.swift */ = {isa = PBXFileReference; lastKnownFileType = sourcecode.swift; path = Environment.swift; sourceTree = "<group>"; };
		0F33322C25B178A1000C3652 /* EpisodesViewController.swift */ = {isa = PBXFileReference; lastKnownFileType = sourcecode.swift; path = EpisodesViewController.swift; sourceTree = "<group>"; };
		0F33322D25B178A1000C3652 /* EpisodesViewController.xib */ = {isa = PBXFileReference; lastKnownFileType = file.xib; path = EpisodesViewController.xib; sourceTree = "<group>"; };
		0F33324225B180F0000C3652 /* CharactersProvider.swift */ = {isa = PBXFileReference; lastKnownFileType = sourcecode.swift; path = CharactersProvider.swift; sourceTree = "<group>"; };
		0F33327D25B1D335000C3652 /* AppTheme.swift */ = {isa = PBXFileReference; lastKnownFileType = sourcecode.swift; path = AppTheme.swift; sourceTree = "<group>"; };
		0F33328125B1D4A9000C3652 /* String+Format.swift */ = {isa = PBXFileReference; lastKnownFileType = sourcecode.swift; path = "String+Format.swift"; sourceTree = "<group>"; };
		0F3332AE25B1DADB000C3652 /* UITableViewCell+SelectedBackgroundView.swift */ = {isa = PBXFileReference; lastKnownFileType = sourcecode.swift; path = "UITableViewCell+SelectedBackgroundView.swift"; sourceTree = "<group>"; };
		0F547AE725A5833D001AD526 /* BaseNavigationController.swift */ = {isa = PBXFileReference; lastKnownFileType = sourcecode.swift; path = BaseNavigationController.swift; sourceTree = "<group>"; };
		0F547AEB25A587A9001AD526 /* BaseAssembly.swift */ = {isa = PBXFileReference; lastKnownFileType = sourcecode.swift; path = BaseAssembly.swift; sourceTree = "<group>"; };
		0F547B0125A5CD90001AD526 /* CharactersViewController.xib */ = {isa = PBXFileReference; lastKnownFileType = file.xib; path = CharactersViewController.xib; sourceTree = "<group>"; };
		0F547B0725A5CEFF001AD526 /* CharactersTableViewDelegateImpl.swift */ = {isa = PBXFileReference; lastKnownFileType = sourcecode.swift; path = CharactersTableViewDelegateImpl.swift; sourceTree = "<group>"; };
		0F547B0A25A5CF0F001AD526 /* CharactersTableViewDataSourceImpl.swift */ = {isa = PBXFileReference; lastKnownFileType = sourcecode.swift; path = CharactersTableViewDataSourceImpl.swift; sourceTree = "<group>"; };
		0F547B0E25A5CF3D001AD526 /* CharactersStore.swift */ = {isa = PBXFileReference; lastKnownFileType = sourcecode.swift; path = CharactersStore.swift; sourceTree = "<group>"; };
		0F547B1325A5D490001AD526 /* Observable.swift */ = {isa = PBXFileReference; lastKnownFileType = sourcecode.swift; path = Observable.swift; sourceTree = "<group>"; };
		0F547B1725A5D507001AD526 /* Provider.swift */ = {isa = PBXFileReference; lastKnownFileType = sourcecode.swift; path = Provider.swift; sourceTree = "<group>"; };
		0F547B1B25A5D5A2001AD526 /* Network.swift */ = {isa = PBXFileReference; lastKnownFileType = sourcecode.swift; path = Network.swift; sourceTree = "<group>"; };
		0F547B1F25A5DCFB001AD526 /* TableView+Extention.swift */ = {isa = PBXFileReference; lastKnownFileType = sourcecode.swift; path = "TableView+Extention.swift"; sourceTree = "<group>"; };
		0F547B2325A5E746001AD526 /* CharacterViewModel.swift */ = {isa = PBXFileReference; lastKnownFileType = sourcecode.swift; path = CharacterViewModel.swift; sourceTree = "<group>"; };
		0F80A97D25A72687002E8316 /* CharacterTableViewCell.swift */ = {isa = PBXFileReference; lastKnownFileType = sourcecode.swift; path = CharacterTableViewCell.swift; sourceTree = "<group>"; };
		0F80A97E25A72687002E8316 /* CharacterTableViewCell.xib */ = {isa = PBXFileReference; lastKnownFileType = file.xib; path = CharacterTableViewCell.xib; sourceTree = "<group>"; };
		0F80A98225A742EA002E8316 /* CharacterDataModel.swift */ = {isa = PBXFileReference; lastKnownFileType = sourcecode.swift; path = CharacterDataModel.swift; sourceTree = "<group>"; };
		0F80A9F825A9B629002E8316 /* Storage.swift */ = {isa = PBXFileReference; lastKnownFileType = sourcecode.swift; path = Storage.swift; sourceTree = "<group>"; };
		0F80A9FB25A9B667002E8316 /* ServicesStorage.swift */ = {isa = PBXFileReference; lastKnownFileType = sourcecode.swift; path = ServicesStorage.swift; sourceTree = "<group>"; };
		0F80AA6F25AD7823002E8316 /* ProgressHudContainerView.swift */ = {isa = PBXFileReference; lastKnownFileType = sourcecode.swift; path = ProgressHudContainerView.swift; sourceTree = "<group>"; };
		0F80AA7425AD785B002E8316 /* NibLoadable.swift */ = {isa = PBXFileReference; lastKnownFileType = sourcecode.swift; path = NibLoadable.swift; sourceTree = "<group>"; };
		0F80AA7725AD78DD002E8316 /* ProgressHudContainerView.xib */ = {isa = PBXFileReference; lastKnownFileType = file.xib; path = ProgressHudContainerView.xib; sourceTree = "<group>"; };
		0F80AA7A25AD7B07002E8316 /* ProgressHud.swift */ = {isa = PBXFileReference; lastKnownFileType = sourcecode.swift; path = ProgressHud.swift; sourceTree = "<group>"; };
		0F80AAA025ADC068002E8316 /* TabbarController.swift */ = {isa = PBXFileReference; lastKnownFileType = sourcecode.swift; path = TabbarController.swift; sourceTree = "<group>"; };
		0F80AAD925ADD85E002E8316 /* CharactersCoordinatorFactory.swift */ = {isa = PBXFileReference; lastKnownFileType = sourcecode.swift; path = CharactersCoordinatorFactory.swift; sourceTree = "<group>"; };
		0F80AADC25ADD86F002E8316 /* CharactersModuleFactory.swift */ = {isa = PBXFileReference; lastKnownFileType = sourcecode.swift; path = CharactersModuleFactory.swift; sourceTree = "<group>"; };
		0F80AAEC25AEC64C002E8316 /* CharactersCoordinator.swift */ = {isa = PBXFileReference; fileEncoding = 4; lastKnownFileType = sourcecode.swift; path = CharactersCoordinator.swift; sourceTree = "<group>"; };
		0F8E740025A485E800A43121 /* Rick-and-Morty.app */ = {isa = PBXFileReference; explicitFileType = wrapper.application; includeInIndex = 0; path = "Rick-and-Morty.app"; sourceTree = BUILT_PRODUCTS_DIR; };
		0F8E740325A485E800A43121 /* AppDelegate.swift */ = {isa = PBXFileReference; lastKnownFileType = sourcecode.swift; path = AppDelegate.swift; sourceTree = "<group>"; };
		0F8E740C25A485E800A43121 /* Assets.xcassets */ = {isa = PBXFileReference; lastKnownFileType = folder.assetcatalog; path = Assets.xcassets; sourceTree = "<group>"; };
		0F8E740F25A485E800A43121 /* Base */ = {isa = PBXFileReference; lastKnownFileType = file.storyboard; name = Base; path = "Base.lproj/LaunchScreen-Rick-and-Morty.storyboard"; sourceTree = "<group>"; };
		0F8E741125A485E800A43121 /* Info.plist */ = {isa = PBXFileReference; lastKnownFileType = text.plist.xml; path = Info.plist; sourceTree = "<group>"; };
		0F8E743B25A48A7200A43121 /* CompositeAppDelegateConfigurator.swift */ = {isa = PBXFileReference; lastKnownFileType = sourcecode.swift; path = CompositeAppDelegateConfigurator.swift; sourceTree = "<group>"; };
		0F8E743E25A49AB700A43121 /* StartupAppDelegateConfigurator.swift */ = {isa = PBXFileReference; lastKnownFileType = sourcecode.swift; path = StartupAppDelegateConfigurator.swift; sourceTree = "<group>"; };
		0F8E744125A49B0200A43121 /* Coordinator.swift */ = {isa = PBXFileReference; lastKnownFileType = sourcecode.swift; path = Coordinator.swift; sourceTree = "<group>"; };
		0F8E744425A49B2800A43121 /* Router.swift */ = {isa = PBXFileReference; lastKnownFileType = sourcecode.swift; path = Router.swift; sourceTree = "<group>"; };
		0F8E744825A49C9C00A43121 /* ApplicationCoordinator.swift */ = {isa = PBXFileReference; lastKnownFileType = sourcecode.swift; path = ApplicationCoordinator.swift; sourceTree = "<group>"; };
		0F8E744B25A49CD700A43121 /* CoordinatorFactory.swift */ = {isa = PBXFileReference; lastKnownFileType = sourcecode.swift; path = CoordinatorFactory.swift; sourceTree = "<group>"; };
		0F8E744E25A49D2300A43121 /* ModuleFactory.swift */ = {isa = PBXFileReference; lastKnownFileType = sourcecode.swift; path = ModuleFactory.swift; sourceTree = "<group>"; };
		0F8E745225A49D8200A43121 /* CharactersViewController.swift */ = {isa = PBXFileReference; lastKnownFileType = sourcecode.swift; path = CharactersViewController.swift; sourceTree = "<group>"; };
		0F8E745525A49E3D00A43121 /* BaseViewController.swift */ = {isa = PBXFileReference; lastKnownFileType = sourcecode.swift; path = BaseViewController.swift; sourceTree = "<group>"; };
		26D525F5B93D6131CDE11ED3 /* Pods-Rick-and-Morty.debug.xcconfig */ = {isa = PBXFileReference; includeInIndex = 1; lastKnownFileType = text.xcconfig; name = "Pods-Rick-and-Morty.debug.xcconfig"; path = "Target Support Files/Pods-Rick-and-Morty/Pods-Rick-and-Morty.debug.xcconfig"; sourceTree = "<group>"; };
		79A48CAF7CD2B26E06DF5A0D /* Pods_Rick_and_Morty.framework */ = {isa = PBXFileReference; explicitFileType = wrapper.framework; includeInIndex = 0; path = Pods_Rick_and_Morty.framework; sourceTree = BUILT_PRODUCTS_DIR; };
		9348B844BAB5E56B6D56082F /* Pods-Rick-and-Morty.release.xcconfig */ = {isa = PBXFileReference; includeInIndex = 1; lastKnownFileType = text.xcconfig; name = "Pods-Rick-and-Morty.release.xcconfig"; path = "Target Support Files/Pods-Rick-and-Morty/Pods-Rick-and-Morty.release.xcconfig"; sourceTree = "<group>"; };
/* End PBXFileReference section */

/* Begin PBXFrameworksBuildPhase section */
		0F8E73FD25A485E800A43121 /* Frameworks */ = {
			isa = PBXFrameworksBuildPhase;
			buildActionMask = 2147483647;
			files = (
				EB7CAC001DF6EA72A21A0E99 /* Pods_Rick_and_Morty.framework in Frameworks */,
			);
			runOnlyForDeploymentPostprocessing = 0;
		};
/* End PBXFrameworksBuildPhase section */

/* Begin PBXGroup section */
		0F3330EC25AEC84F000C3652 /* Flows */ = {
			isa = PBXGroup;
			children = (
				0F80AA9325ADBFF5002E8316 /* Characters */,
				0F33319525AEEF6E000C3652 /* CharacterDetails */,
				0F33322925B1784A000C3652 /* Episodes */,
				0F80AA9F25ADC043002E8316 /* Tabbar */,
			);
			path = Flows;
			sourceTree = "<group>";
		};
		0F3330EE25AEC891000C3652 /* Coordinator */ = {
			isa = PBXGroup;
			children = (
				0F8E744825A49C9C00A43121 /* ApplicationCoordinator.swift */,
				0F8E744B25A49CD700A43121 /* CoordinatorFactory.swift */,
				0F8E744E25A49D2300A43121 /* ModuleFactory.swift */,
			);
			path = Coordinator;
			sourceTree = "<group>";
		};
		0F33318F25AEE91F000C3652 /* View */ = {
			isa = PBXGroup;
			children = (
				0F80A97D25A72687002E8316 /* CharacterTableViewCell.swift */,
				0F80A97E25A72687002E8316 /* CharacterTableViewCell.xib */,
			);
			path = View;
			sourceTree = "<group>";
		};
		0F33319525AEEF6E000C3652 /* CharacterDetails */ = {
			isa = PBXGroup;
			children = (
				0F33319C25AF00FA000C3652 /* Coordinator */,
				0F33319D25AF0108000C3652 /* Modules */,
			);
			path = CharacterDetails;
			sourceTree = "<group>";
		};
		0F33319C25AF00FA000C3652 /* Coordinator */ = {
			isa = PBXGroup;
			children = (
				0F33319625AEEFA7000C3652 /* CharacterDetailsCoordinator.swift */,
				0F33319925AEF022000C3652 /* CharacterDetailsModuleFactory.swift */,
			);
			path = Coordinator;
			sourceTree = "<group>";
		};
		0F33319D25AF0108000C3652 /* Modules */ = {
			isa = PBXGroup;
			children = (
				0F33319E25AF011D000C3652 /* Controller */,
				0F33319F25AF0128000C3652 /* Store */,
				0F3331A025AF0131000C3652 /* ViewModel */,
			);
			path = Modules;
			sourceTree = "<group>";
		};
		0F33319E25AF011D000C3652 /* Controller */ = {
			isa = PBXGroup;
			children = (
				0F3331A125AF016D000C3652 /* CharacterDetailsViewController.swift */,
				0F3331A225AF016D000C3652 /* CharacterDetailsViewController.xib */,
			);
			path = Controller;
			sourceTree = "<group>";
		};
		0F33319F25AF0128000C3652 /* Store */ = {
			isa = PBXGroup;
			children = (
				0F3331A625AF017A000C3652 /* CharacterDetailsStore.swift */,
			);
			path = Store;
			sourceTree = "<group>";
		};
		0F3331A025AF0131000C3652 /* ViewModel */ = {
			isa = PBXGroup;
			children = (
				0F3331A925AF0187000C3652 /* CharacterDetailsViewModel.swift */,
			);
			path = ViewModel;
			sourceTree = "<group>";
		};
		0F33320025B012A2000C3652 /* Protocols */ = {
			isa = PBXGroup;
			children = (
				0F80AA7425AD785B002E8316 /* NibLoadable.swift */,
			);
			name = Protocols;
			sourceTree = "<group>";
		};
		0F33320125B012AC000C3652 /* UIComponents */ = {
			isa = PBXGroup;
			children = (
				0F33320225B012D1000C3652 /* InfiniteScrollableTableView.swift */,
			);
			name = UIComponents;
			sourceTree = "<group>";
		};
		0F33321125B07539000C3652 /* Configs */ = {
			isa = PBXGroup;
			children = (
				0F33321225B07587000C3652 /* Rick-and-Morty(development).xcconfig */,
			);
			path = Configs;
			sourceTree = "<group>";
		};
		0F33322925B1784A000C3652 /* Episodes */ = {
			isa = PBXGroup;
			children = (
				0F33322A25B1786F000C3652 /* Modules */,
			);
			path = Episodes;
			sourceTree = "<group>";
		};
		0F33322A25B1786F000C3652 /* Modules */ = {
			isa = PBXGroup;
			children = (
				0F33322B25B17879000C3652 /* Controller */,
			);
			path = Modules;
			sourceTree = "<group>";
		};
		0F33322B25B17879000C3652 /* Controller */ = {
			isa = PBXGroup;
			children = (
				0F33322C25B178A1000C3652 /* EpisodesViewController.swift */,
				0F33322D25B178A1000C3652 /* EpisodesViewController.xib */,
			);
			path = Controller;
			sourceTree = "<group>";
		};
		0F33327C25B1D326000C3652 /* AppTheme */ = {
			isa = PBXGroup;
			children = (
				0F33327D25B1D335000C3652 /* AppTheme.swift */,
			);
			name = AppTheme;
			sourceTree = "<group>";
		};
		0F33328025B1D49C000C3652 /* Extentions */ = {
			isa = PBXGroup;
			children = (
				0F33328125B1D4A9000C3652 /* String+Format.swift */,
				0F3332AE25B1DADB000C3652 /* UITableViewCell+SelectedBackgroundView.swift */,
			);
			name = Extentions;
			sourceTree = "<group>";
		};
		0F547B0425A5CEBC001AD526 /* Controller */ = {
			isa = PBXGroup;
			children = (
				0F8E745225A49D8200A43121 /* CharactersViewController.swift */,
				0F547B0125A5CD90001AD526 /* CharactersViewController.xib */,
			);
			path = Controller;
			sourceTree = "<group>";
		};
		0F547B0625A5CEC9001AD526 /* TableView */ = {
			isa = PBXGroup;
			children = (
				0F547B0A25A5CF0F001AD526 /* CharactersTableViewDataSourceImpl.swift */,
				0F547B0725A5CEFF001AD526 /* CharactersTableViewDelegateImpl.swift */,
			);
			path = TableView;
			sourceTree = "<group>";
		};
		0F547B0D25A5CF24001AD526 /* Store */ = {
			isa = PBXGroup;
			children = (
				0F547B0E25A5CF3D001AD526 /* CharactersStore.swift */,
			);
			path = Store;
			sourceTree = "<group>";
		};
		0F547B1225A5D481001AD526 /* Foundation */ = {
			isa = PBXGroup;
			children = (
				0F547B1325A5D490001AD526 /* Observable.swift */,
				0F547B1F25A5DCFB001AD526 /* TableView+Extention.swift */,
			);
			name = Foundation;
			sourceTree = "<group>";
		};
		0F547B1625A5D4F4001AD526 /* Providers */ = {
			isa = PBXGroup;
			children = (
				0F547B1725A5D507001AD526 /* Provider.swift */,
				0F33324225B180F0000C3652 /* CharactersProvider.swift */,
			);
			name = Providers;
			sourceTree = "<group>";
		};
		0F547B1A25A5D595001AD526 /* Network */ = {
			isa = PBXGroup;
			children = (
				0F547B1B25A5D5A2001AD526 /* Network.swift */,
			);
			name = Network;
			sourceTree = "<group>";
		};
		0F547B2625A5E74E001AD526 /* ViewModel */ = {
			isa = PBXGroup;
			children = (
				0F547B2325A5E746001AD526 /* CharacterViewModel.swift */,
				0F80A98225A742EA002E8316 /* CharacterDataModel.swift */,
			);
			path = ViewModel;
			sourceTree = "<group>";
		};
		0F80A9F725A9B60A002E8316 /* Storages */ = {
			isa = PBXGroup;
			children = (
				0F80A9F825A9B629002E8316 /* Storage.swift */,
				0F80A9FB25A9B667002E8316 /* ServicesStorage.swift */,
			);
			name = Storages;
			sourceTree = "<group>";
		};
		0F80AA6225AD7777002E8316 /* BaseModules */ = {
			isa = PBXGroup;
			children = (
				0F547B1225A5D481001AD526 /* Foundation */,
				0F547B1A25A5D595001AD526 /* Network */,
				0F8E745525A49E3D00A43121 /* BaseViewController.swift */,
				0F547AE725A5833D001AD526 /* BaseNavigationController.swift */,
			);
			name = BaseModules;
			sourceTree = "<group>";
		};
		0F80AA6E25AD780A002E8316 /* ProgressHud */ = {
			isa = PBXGroup;
			children = (
				0F80AA6F25AD7823002E8316 /* ProgressHudContainerView.swift */,
				0F80AA7725AD78DD002E8316 /* ProgressHudContainerView.xib */,
				0F80AA7A25AD7B07002E8316 /* ProgressHud.swift */,
			);
			name = ProgressHud;
			sourceTree = "<group>";
		};
		0F80AA7325AD783C002E8316 /* UIKit */ = {
			isa = PBXGroup;
			children = (
				0F33327C25B1D326000C3652 /* AppTheme */,
				0F33328025B1D49C000C3652 /* Extentions */,
				0F33320025B012A2000C3652 /* Protocols */,
				0F33320125B012AC000C3652 /* UIComponents */,
			);
			name = UIKit;
			sourceTree = "<group>";
		};
		0F80AA9325ADBFF5002E8316 /* Characters */ = {
			isa = PBXGroup;
			children = (
				0F80AAD525ADD818002E8316 /* Coordinator */,
				0F80AAD325ADD80E002E8316 /* Modules */,
			);
			path = Characters;
			sourceTree = "<group>";
		};
		0F80AA9F25ADC043002E8316 /* Tabbar */ = {
			isa = PBXGroup;
			children = (
				0F80AAA025ADC068002E8316 /* TabbarController.swift */,
			);
			path = Tabbar;
			sourceTree = "<group>";
		};
		0F80AAD325ADD80E002E8316 /* Modules */ = {
			isa = PBXGroup;
			children = (
				0F547B0425A5CEBC001AD526 /* Controller */,
				0F547B0625A5CEC9001AD526 /* TableView */,
				0F547B0D25A5CF24001AD526 /* Store */,
				0F33318F25AEE91F000C3652 /* View */,
				0F547B2625A5E74E001AD526 /* ViewModel */,
			);
			path = Modules;
			sourceTree = "<group>";
		};
		0F80AAD525ADD818002E8316 /* Coordinator */ = {
			isa = PBXGroup;
			children = (
				0F80AAEC25AEC64C002E8316 /* CharactersCoordinator.swift */,
				0F80AAD925ADD85E002E8316 /* CharactersCoordinatorFactory.swift */,
				0F80AADC25ADD86F002E8316 /* CharactersModuleFactory.swift */,
			);
			path = Coordinator;
			sourceTree = "<group>";
		};
		0F8E73F725A485E800A43121 = {
			isa = PBXGroup;
			children = (
				0F8E740225A485E800A43121 /* Rick-and-Morty */,
				0F8E740125A485E800A43121 /* Products */,
				271988E7495ADF4C30F5B18F /* Pods */,
				B28955BAE94511B3E7F730E4 /* Frameworks */,
			);
			sourceTree = "<group>";
		};
		0F8E740125A485E800A43121 /* Products */ = {
			isa = PBXGroup;
			children = (
				0F8E740025A485E800A43121 /* Rick-and-Morty.app */,
			);
			name = Products;
			sourceTree = "<group>";
		};
		0F8E740225A485E800A43121 /* Rick-and-Morty */ = {
			isa = PBXGroup;
			children = (
				0F8E743025A4891900A43121 /* Application */,
				0F8E743925A48A4200A43121 /* Core */,
				0F8E743325A4898400A43121 /* Scenes */,
				0F8E743225A4896800A43121 /* SupportingFiles */,
			);
			path = "Rick-and-Morty";
			sourceTree = "<group>";
		};
		0F8E743025A4891900A43121 /* Application */ = {
			isa = PBXGroup;
			children = (
				0F8E740325A485E800A43121 /* AppDelegate.swift */,
				0F547AEB25A587A9001AD526 /* BaseAssembly.swift */,
				0F8E743B25A48A7200A43121 /* CompositeAppDelegateConfigurator.swift */,
				0F33321D25B07E6A000C3652 /* Environment.swift */,
				0F8E743E25A49AB700A43121 /* StartupAppDelegateConfigurator.swift */,
			);
			path = Application;
			sourceTree = "<group>";
		};
		0F8E743225A4896800A43121 /* SupportingFiles */ = {
			isa = PBXGroup;
			children = (
				0F33321125B07539000C3652 /* Configs */,
				0F8E740C25A485E800A43121 /* Assets.xcassets */,
				0F8E740E25A485E800A43121 /* LaunchScreen-Rick-and-Morty.storyboard */,
				0F8E741125A485E800A43121 /* Info.plist */,
			);
			path = SupportingFiles;
			sourceTree = "<group>";
		};
		0F8E743325A4898400A43121 /* Scenes */ = {
			isa = PBXGroup;
			children = (
				0F3330EE25AEC891000C3652 /* Coordinator */,
				0F3330EC25AEC84F000C3652 /* Flows */,
			);
			path = Scenes;
			sourceTree = "<group>";
		};
		0F8E743925A48A4200A43121 /* Core */ = {
			isa = PBXGroup;
			children = (
				0F80AA6225AD7777002E8316 /* BaseModules */,
				0F547B1625A5D4F4001AD526 /* Providers */,
				0F80AA6E25AD780A002E8316 /* ProgressHud */,
				0F8E743A25A48A4B00A43121 /* Services */,
				0F80A9F725A9B60A002E8316 /* Storages */,
				0F80AA7325AD783C002E8316 /* UIKit */,
			);
			path = Core;
			sourceTree = "<group>";
		};
		0F8E743A25A48A4B00A43121 /* Services */ = {
			isa = PBXGroup;
			children = (
				0F8E744125A49B0200A43121 /* Coordinator.swift */,
				0F8E744425A49B2800A43121 /* Router.swift */,
			);
			name = Services;
			sourceTree = "<group>";
		};
		271988E7495ADF4C30F5B18F /* Pods */ = {
			isa = PBXGroup;
			children = (
				26D525F5B93D6131CDE11ED3 /* Pods-Rick-and-Morty.debug.xcconfig */,
				9348B844BAB5E56B6D56082F /* Pods-Rick-and-Morty.release.xcconfig */,
			);
			path = Pods;
			sourceTree = "<group>";
		};
		B28955BAE94511B3E7F730E4 /* Frameworks */ = {
			isa = PBXGroup;
			children = (
				79A48CAF7CD2B26E06DF5A0D /* Pods_Rick_and_Morty.framework */,
			);
			name = Frameworks;
			sourceTree = "<group>";
		};
/* End PBXGroup section */

/* Begin PBXNativeTarget section */
		0F8E73FF25A485E800A43121 /* Rick-and-Morty */ = {
			isa = PBXNativeTarget;
			buildConfigurationList = 0F8E741425A485E800A43121 /* Build configuration list for PBXNativeTarget "Rick-and-Morty" */;
			buildPhases = (
				5D29E295810827FCFB4EABEE /* [CP] Check Pods Manifest.lock */,
				0F8E742825A4873D00A43121 /* Swiftlint */,
				0F8E73FC25A485E800A43121 /* Sources */,
				0F8E73FD25A485E800A43121 /* Frameworks */,
				0F8E73FE25A485E800A43121 /* Resources */,
				7C547B87E4BDD29B5646F17D /* [CP] Embed Pods Frameworks */,
			);
			buildRules = (
			);
			dependencies = (
			);
			name = "Rick-and-Morty";
			productName = "Test-Project";
			productReference = 0F8E740025A485E800A43121 /* Rick-and-Morty.app */;
			productType = "com.apple.product-type.application";
		};
/* End PBXNativeTarget section */

/* Begin PBXProject section */
		0F8E73F825A485E800A43121 /* Project object */ = {
			isa = PBXProject;
			attributes = {
				LastSwiftUpdateCheck = 1220;
				LastUpgradeCheck = 1220;
				TargetAttributes = {
					0F8E73FF25A485E800A43121 = {
						CreatedOnToolsVersion = 12.2;
					};
				};
			};
			buildConfigurationList = 0F8E73FB25A485E800A43121 /* Build configuration list for PBXProject "Rick-and-Morty" */;
			compatibilityVersion = "Xcode 9.3";
			developmentRegion = en;
			hasScannedForEncodings = 0;
			knownRegions = (
				en,
				Base,
			);
			mainGroup = 0F8E73F725A485E800A43121;
			productRefGroup = 0F8E740125A485E800A43121 /* Products */;
			projectDirPath = "";
			projectRoot = "";
			targets = (
				0F8E73FF25A485E800A43121 /* Rick-and-Morty */,
			);
		};
/* End PBXProject section */

/* Begin PBXResourcesBuildPhase section */
		0F8E73FE25A485E800A43121 /* Resources */ = {
			isa = PBXResourcesBuildPhase;
			buildActionMask = 2147483647;
			files = (
				0F8E741025A485E800A43121 /* LaunchScreen-Rick-and-Morty.storyboard in Resources */,
				0F547B0225A5CD90001AD526 /* CharactersViewController.xib in Resources */,
				0F8E740D25A485E800A43121 /* Assets.xcassets in Resources */,
				0F3331A425AF016D000C3652 /* CharacterDetailsViewController.xib in Resources */,
				0F33322F25B178A1000C3652 /* EpisodesViewController.xib in Resources */,
				0F80AA7825AD78DD002E8316 /* ProgressHudContainerView.xib in Resources */,
				0F80A98025A72687002E8316 /* CharacterTableViewCell.xib in Resources */,
			);
			runOnlyForDeploymentPostprocessing = 0;
		};
/* End PBXResourcesBuildPhase section */

/* Begin PBXShellScriptBuildPhase section */
		0F8E742825A4873D00A43121 /* Swiftlint */ = {
			isa = PBXShellScriptBuildPhase;
			buildActionMask = 2147483647;
			files = (
			);
			inputFileListPaths = (
			);
			inputPaths = (
			);
			name = Swiftlint;
			outputFileListPaths = (
			);
			outputPaths = (
			);
			runOnlyForDeploymentPostprocessing = 0;
			shellPath = /bin/sh;
			shellScript = "\"${PODS_ROOT}/SwiftLint/swiftlint\"\n";
		};
		5D29E295810827FCFB4EABEE /* [CP] Check Pods Manifest.lock */ = {
			isa = PBXShellScriptBuildPhase;
			buildActionMask = 2147483647;
			files = (
			);
			inputFileListPaths = (
			);
			inputPaths = (
				"${PODS_PODFILE_DIR_PATH}/Podfile.lock",
				"${PODS_ROOT}/Manifest.lock",
			);
			name = "[CP] Check Pods Manifest.lock";
			outputFileListPaths = (
			);
			outputPaths = (
				"$(DERIVED_FILE_DIR)/Pods-Rick-and-Morty-checkManifestLockResult.txt",
			);
			runOnlyForDeploymentPostprocessing = 0;
			shellPath = /bin/sh;
			shellScript = "diff \"${PODS_PODFILE_DIR_PATH}/Podfile.lock\" \"${PODS_ROOT}/Manifest.lock\" > /dev/null\nif [ $? != 0 ] ; then\n    # print error to STDERR\n    echo \"error: The sandbox is not in sync with the Podfile.lock. Run 'pod install' or update your CocoaPods installation.\" >&2\n    exit 1\nfi\n# This output is used by Xcode 'outputs' to avoid re-running this script phase.\necho \"SUCCESS\" > \"${SCRIPT_OUTPUT_FILE_0}\"\n";
			showEnvVarsInLog = 0;
		};
		7C547B87E4BDD29B5646F17D /* [CP] Embed Pods Frameworks */ = {
			isa = PBXShellScriptBuildPhase;
			buildActionMask = 2147483647;
			files = (
			);
			inputFileListPaths = (
				"${PODS_ROOT}/Target Support Files/Pods-Rick-and-Morty/Pods-Rick-and-Morty-frameworks-${CONFIGURATION}-input-files.xcfilelist",
			);
			name = "[CP] Embed Pods Frameworks";
			outputFileListPaths = (
				"${PODS_ROOT}/Target Support Files/Pods-Rick-and-Morty/Pods-Rick-and-Morty-frameworks-${CONFIGURATION}-output-files.xcfilelist",
			);
			runOnlyForDeploymentPostprocessing = 0;
			shellPath = /bin/sh;
			shellScript = "\"${PODS_ROOT}/Target Support Files/Pods-Rick-and-Morty/Pods-Rick-and-Morty-frameworks.sh\"\n";
			showEnvVarsInLog = 0;
		};
/* End PBXShellScriptBuildPhase section */

/* Begin PBXSourcesBuildPhase section */
		0F8E73FC25A485E800A43121 /* Sources */ = {
			isa = PBXSourcesBuildPhase;
			buildActionMask = 2147483647;
			files = (
				0F33327E25B1D335000C3652 /* AppTheme.swift in Sources */,
				0F80AADD25ADD86F002E8316 /* CharactersModuleFactory.swift in Sources */,
				0F33320325B012D1000C3652 /* InfiniteScrollableTableView.swift in Sources */,
				0F547B1425A5D490001AD526 /* Observable.swift in Sources */,
				0F8E743F25A49AB700A43121 /* StartupAppDelegateConfigurator.swift in Sources */,
				0F547B1825A5D507001AD526 /* Provider.swift in Sources */,
				0F80A98325A742EA002E8316 /* CharacterDataModel.swift in Sources */,
				0F3331AA25AF0187000C3652 /* CharacterDetailsViewModel.swift in Sources */,
				0F33319A25AEF022000C3652 /* CharacterDetailsModuleFactory.swift in Sources */,
				0F547B0F25A5CF3D001AD526 /* CharactersStore.swift in Sources */,
				0F8E744F25A49D2300A43121 /* ModuleFactory.swift in Sources */,
				0F8E745625A49E3D00A43121 /* BaseViewController.swift in Sources */,
				0F3331A325AF016D000C3652 /* CharacterDetailsViewController.swift in Sources */,
				0F3332AF25B1DADB000C3652 /* UITableViewCell+SelectedBackgroundView.swift in Sources */,
				0F80A9FC25A9B667002E8316 /* ServicesStorage.swift in Sources */,
				0F547B0825A5CEFF001AD526 /* CharactersTableViewDelegateImpl.swift in Sources */,
				0F8E744225A49B0200A43121 /* Coordinator.swift in Sources */,
				0F33321E25B07E6A000C3652 /* Environment.swift in Sources */,
				0F80AA7525AD785B002E8316 /* NibLoadable.swift in Sources */,
				0F8E744525A49B2800A43121 /* Router.swift in Sources */,
				0F80AAA125ADC068002E8316 /* TabbarController.swift in Sources */,
				0F3331A725AF017A000C3652 /* CharacterDetailsStore.swift in Sources */,
				0F8E740425A485E800A43121 /* AppDelegate.swift in Sources */,
				0F8E744C25A49CD700A43121 /* CoordinatorFactory.swift in Sources */,
				0F33328225B1D4A9000C3652 /* String+Format.swift in Sources */,
				0F547AE825A5833D001AD526 /* BaseNavigationController.swift in Sources */,
				0F547B0B25A5CF0F001AD526 /* CharactersTableViewDataSourceImpl.swift in Sources */,
				0F33322E25B178A1000C3652 /* EpisodesViewController.swift in Sources */,
				0F80A9F925A9B629002E8316 /* Storage.swift in Sources */,
				0F80AAED25AEC64C002E8316 /* CharactersCoordinator.swift in Sources */,
				0F80AADA25ADD85E002E8316 /* CharactersCoordinatorFactory.swift in Sources */,
				0F547B1C25A5D5A2001AD526 /* Network.swift in Sources */,
				0F547B2025A5DCFB001AD526 /* TableView+Extention.swift in Sources */,
				0F33324325B180F0000C3652 /* CharactersProvider.swift in Sources */,
				0F8E743C25A48A7200A43121 /* CompositeAppDelegateConfigurator.swift in Sources */,
				0F33319325AEEC43000C3652 /* CharacterTableViewCell.swift in Sources */,
				0F33319725AEEFA7000C3652 /* CharacterDetailsCoordinator.swift in Sources */,
				0F547B2425A5E746001AD526 /* CharacterViewModel.swift in Sources */,
				0F80AA7B25AD7B07002E8316 /* ProgressHud.swift in Sources */,
				0F8E744925A49C9C00A43121 /* ApplicationCoordinator.swift in Sources */,
				0F547AFC25A5B065001AD526 /* BaseAssembly.swift in Sources */,
				0F80AA7025AD7823002E8316 /* ProgressHudContainerView.swift in Sources */,
				0F8E745325A49D8200A43121 /* CharactersViewController.swift in Sources */,
			);
			runOnlyForDeploymentPostprocessing = 0;
		};
/* End PBXSourcesBuildPhase section */

/* Begin PBXVariantGroup section */
		0F8E740E25A485E800A43121 /* LaunchScreen-Rick-and-Morty.storyboard */ = {
			isa = PBXVariantGroup;
			children = (
				0F8E740F25A485E800A43121 /* Base */,
			);
			name = "LaunchScreen-Rick-and-Morty.storyboard";
			sourceTree = "<group>";
		};
/* End PBXVariantGroup section */

/* Begin XCBuildConfiguration section */
		0F8E741225A485E800A43121 /* Debug */ = {
			isa = XCBuildConfiguration;
			buildSettings = {
				ALWAYS_SEARCH_USER_PATHS = NO;
				CLANG_ANALYZER_NONNULL = YES;
				CLANG_ANALYZER_NUMBER_OBJECT_CONVERSION = YES_AGGRESSIVE;
				CLANG_CXX_LANGUAGE_STANDARD = "gnu++14";
				CLANG_CXX_LIBRARY = "libc++";
				CLANG_ENABLE_MODULES = YES;
				CLANG_ENABLE_OBJC_ARC = YES;
				CLANG_ENABLE_OBJC_WEAK = YES;
				CLANG_WARN_BLOCK_CAPTURE_AUTORELEASING = YES;
				CLANG_WARN_BOOL_CONVERSION = YES;
				CLANG_WARN_COMMA = YES;
				CLANG_WARN_CONSTANT_CONVERSION = YES;
				CLANG_WARN_DEPRECATED_OBJC_IMPLEMENTATIONS = YES;
				CLANG_WARN_DIRECT_OBJC_ISA_USAGE = YES_ERROR;
				CLANG_WARN_DOCUMENTATION_COMMENTS = YES;
				CLANG_WARN_EMPTY_BODY = YES;
				CLANG_WARN_ENUM_CONVERSION = YES;
				CLANG_WARN_INFINITE_RECURSION = YES;
				CLANG_WARN_INT_CONVERSION = YES;
				CLANG_WARN_NON_LITERAL_NULL_CONVERSION = YES;
				CLANG_WARN_OBJC_IMPLICIT_RETAIN_SELF = YES;
				CLANG_WARN_OBJC_LITERAL_CONVERSION = YES;
				CLANG_WARN_OBJC_ROOT_CLASS = YES_ERROR;
				CLANG_WARN_QUOTED_INCLUDE_IN_FRAMEWORK_HEADER = YES;
				CLANG_WARN_RANGE_LOOP_ANALYSIS = YES;
				CLANG_WARN_STRICT_PROTOTYPES = YES;
				CLANG_WARN_SUSPICIOUS_MOVE = YES;
				CLANG_WARN_UNGUARDED_AVAILABILITY = YES_AGGRESSIVE;
				CLANG_WARN_UNREACHABLE_CODE = YES;
				CLANG_WARN__DUPLICATE_METHOD_MATCH = YES;
				COPY_PHASE_STRIP = NO;
				DEBUG_INFORMATION_FORMAT = dwarf;
				ENABLE_STRICT_OBJC_MSGSEND = YES;
				ENABLE_TESTABILITY = YES;
				GCC_C_LANGUAGE_STANDARD = gnu11;
				GCC_DYNAMIC_NO_PIC = NO;
				GCC_NO_COMMON_BLOCKS = YES;
				GCC_OPTIMIZATION_LEVEL = 0;
				GCC_PREPROCESSOR_DEFINITIONS = (
					"DEBUG=1",
					"$(inherited)",
				);
				GCC_WARN_64_TO_32_BIT_CONVERSION = YES;
				GCC_WARN_ABOUT_RETURN_TYPE = YES_ERROR;
				GCC_WARN_UNDECLARED_SELECTOR = YES;
				GCC_WARN_UNINITIALIZED_AUTOS = YES_AGGRESSIVE;
				GCC_WARN_UNUSED_FUNCTION = YES;
				GCC_WARN_UNUSED_VARIABLE = YES;
				IPHONEOS_DEPLOYMENT_TARGET = 14.2;
				MTL_ENABLE_DEBUG_INFO = INCLUDE_SOURCE;
				MTL_FAST_MATH = YES;
				ONLY_ACTIVE_ARCH = YES;
				SDKROOT = iphoneos;
				SWIFT_ACTIVE_COMPILATION_CONDITIONS = DEBUG;
				SWIFT_OPTIMIZATION_LEVEL = "-Onone";
			};
			name = Debug;
		};
		0F8E741325A485E800A43121 /* Release */ = {
			isa = XCBuildConfiguration;
			buildSettings = {
				ALWAYS_SEARCH_USER_PATHS = NO;
				CLANG_ANALYZER_NONNULL = YES;
				CLANG_ANALYZER_NUMBER_OBJECT_CONVERSION = YES_AGGRESSIVE;
				CLANG_CXX_LANGUAGE_STANDARD = "gnu++14";
				CLANG_CXX_LIBRARY = "libc++";
				CLANG_ENABLE_MODULES = YES;
				CLANG_ENABLE_OBJC_ARC = YES;
				CLANG_ENABLE_OBJC_WEAK = YES;
				CLANG_WARN_BLOCK_CAPTURE_AUTORELEASING = YES;
				CLANG_WARN_BOOL_CONVERSION = YES;
				CLANG_WARN_COMMA = YES;
				CLANG_WARN_CONSTANT_CONVERSION = YES;
				CLANG_WARN_DEPRECATED_OBJC_IMPLEMENTATIONS = YES;
				CLANG_WARN_DIRECT_OBJC_ISA_USAGE = YES_ERROR;
				CLANG_WARN_DOCUMENTATION_COMMENTS = YES;
				CLANG_WARN_EMPTY_BODY = YES;
				CLANG_WARN_ENUM_CONVERSION = YES;
				CLANG_WARN_INFINITE_RECURSION = YES;
				CLANG_WARN_INT_CONVERSION = YES;
				CLANG_WARN_NON_LITERAL_NULL_CONVERSION = YES;
				CLANG_WARN_OBJC_IMPLICIT_RETAIN_SELF = YES;
				CLANG_WARN_OBJC_LITERAL_CONVERSION = YES;
				CLANG_WARN_OBJC_ROOT_CLASS = YES_ERROR;
				CLANG_WARN_QUOTED_INCLUDE_IN_FRAMEWORK_HEADER = YES;
				CLANG_WARN_RANGE_LOOP_ANALYSIS = YES;
				CLANG_WARN_STRICT_PROTOTYPES = YES;
				CLANG_WARN_SUSPICIOUS_MOVE = YES;
				CLANG_WARN_UNGUARDED_AVAILABILITY = YES_AGGRESSIVE;
				CLANG_WARN_UNREACHABLE_CODE = YES;
				CLANG_WARN__DUPLICATE_METHOD_MATCH = YES;
				COPY_PHASE_STRIP = NO;
				DEBUG_INFORMATION_FORMAT = "dwarf-with-dsym";
				ENABLE_NS_ASSERTIONS = NO;
				ENABLE_STRICT_OBJC_MSGSEND = YES;
				GCC_C_LANGUAGE_STANDARD = gnu11;
				GCC_NO_COMMON_BLOCKS = YES;
				GCC_WARN_64_TO_32_BIT_CONVERSION = YES;
				GCC_WARN_ABOUT_RETURN_TYPE = YES_ERROR;
				GCC_WARN_UNDECLARED_SELECTOR = YES;
				GCC_WARN_UNINITIALIZED_AUTOS = YES_AGGRESSIVE;
				GCC_WARN_UNUSED_FUNCTION = YES;
				GCC_WARN_UNUSED_VARIABLE = YES;
				IPHONEOS_DEPLOYMENT_TARGET = 14.2;
				MTL_ENABLE_DEBUG_INFO = NO;
				MTL_FAST_MATH = YES;
				SDKROOT = iphoneos;
				SWIFT_COMPILATION_MODE = wholemodule;
				SWIFT_OPTIMIZATION_LEVEL = "-O";
				VALIDATE_PRODUCT = YES;
			};
			name = Release;
		};
		0F8E741525A485E800A43121 /* Debug */ = {
			isa = XCBuildConfiguration;
			baseConfigurationReference = 26D525F5B93D6131CDE11ED3 /* Pods-Rick-and-Morty.debug.xcconfig */;
			buildSettings = {
				ASSETCATALOG_COMPILER_APPICON_NAME = "AppIcon-Rick-and-Morty(development)";
				ASSETCATALOG_COMPILER_GLOBAL_ACCENT_COLOR_NAME = AccentColor;
				BASE_URL = "https://rickandmortyapi.com/api";
				CODE_SIGN_STYLE = Automatic;
				DEVELOPMENT_TEAM = C5PU6T6826;
				INFOPLIST_FILE = "Rick-and-Morty/SupportingFiles/Info.plist";
				LAUNCH_SCREEN = "LaunchScreen-Rick-and-Morty";
				LD_RUNPATH_SEARCH_PATHS = (
					"$(inherited)",
					"@executable_path/Frameworks",
				);
				PRODUCT_BUNDLE_IDENTIFIER = "kanat.Test-Project";
				PRODUCT_NAME = "$(TARGET_NAME)";
				SWIFT_VERSION = 5.0;
				TARGETED_DEVICE_FAMILY = 1;
			};
			name = Debug;
		};
		0F8E741625A485E800A43121 /* Release */ = {
			isa = XCBuildConfiguration;
			baseConfigurationReference = 9348B844BAB5E56B6D56082F /* Pods-Rick-and-Morty.release.xcconfig */;
			buildSettings = {
				ASSETCATALOG_COMPILER_APPICON_NAME = "AppIcon-Rick-and-Morty(development)";
				ASSETCATALOG_COMPILER_GLOBAL_ACCENT_COLOR_NAME = AccentColor;
				BASE_URL = "https://rickandmortyapi.com/api";
				CODE_SIGN_STYLE = Automatic;
				DEVELOPMENT_TEAM = C5PU6T6826;
				INFOPLIST_FILE = "Rick-and-Morty/SupportingFiles/Info.plist";
				LAUNCH_SCREEN = "LaunchScreen-Rick-and-Morty";
				LD_RUNPATH_SEARCH_PATHS = (
					"$(inherited)",
					"@executable_path/Frameworks",
				);
				PRODUCT_BUNDLE_IDENTIFIER = "kanat.Test-Project";
				PRODUCT_NAME = "$(TARGET_NAME)";
				SWIFT_VERSION = 5.0;
				TARGETED_DEVICE_FAMILY = 1;
			};
			name = Release;
		};
/* End XCBuildConfiguration section */

/* Begin XCConfigurationList section */
		0F8E73FB25A485E800A43121 /* Build configuration list for PBXProject "Rick-and-Morty" */ = {
			isa = XCConfigurationList;
			buildConfigurations = (
				0F8E741225A485E800A43121 /* Debug */,
				0F8E741325A485E800A43121 /* Release */,
			);
			defaultConfigurationIsVisible = 0;
			defaultConfigurationName = Release;
		};
		0F8E741425A485E800A43121 /* Build configuration list for PBXNativeTarget "Rick-and-Morty" */ = {
			isa = XCConfigurationList;
			buildConfigurations = (
				0F8E741525A485E800A43121 /* Debug */,
				0F8E741625A485E800A43121 /* Release */,
			);
			defaultConfigurationIsVisible = 0;
			defaultConfigurationName = Release;
		};
/* End XCConfigurationList section */
	};
	rootObject = 0F8E73F825A485E800A43121 /* Project object */;
}
